PODS:
  - Alamofire (5.6.2)
  - Kingfisher (7.3.1)
  - SkeletonView (1.29.2)

DEPENDENCIES:
  - Alamofire
  - Kingfisher (~> 7.0)
  - SkeletonView

SPEC REPOS:
  trunk:
    - Alamofire
    - Kingfisher
    - SkeletonView

SPEC CHECKSUMS:
  Alamofire: d368e1ff8a298e6dde360e35a3e68e6c610e7204
  Kingfisher: f411ab4902e733fc0c40522920fb5a236d7a7334
  SkeletonView: 915a80ecc2b6421ab7ac0f0212321c0cc1406472

PODFILE CHECKSUM: d75b1bd5f4bec444a075485d7d63ce52eda765a8

COCOAPODS: 1.11.3
